
Microsoft Visual Studio Solution File, Format Version 12.00
# Visual Studio Version 16
VisualStudioVersion = 16.0.31624.102
MinimumVisualStudioVersion = 10.0.40219.1
Project("{FAE04EC0-301F-11D3-BF4B-00C04F79EFBC}") = "MyRevitCommands", "MyRevitCommands.csproj", "{4C7B6D4E-279A-41DE-B0D8-E536CE0D1287}"
EndProject
Global
	GlobalSection(SolutionConfigurationPlatforms) = preSolution
		Debug|Any CPU = Debug|Any CPU
		Release|Any CPU = Release|Any CPU
	EndGlobalSection
	GlobalSection(ProjectConfigurationPlatforms) = postSolution
		{4C7B6D4E-279A-41DE-B0D8-E536CE0D1287}.Debug|Any CPU.ActiveCfg = Debug|Any CPU
		{4C7B6D4E-279A-41DE-B0D8-E536CE0D1287}.Debug|Any CPU.Build.0 = Debug|Any CPU
		{4C7B6D4E-279A-41DE-B0D8-E536CE0D1287}.Release|Any CPU.ActiveCfg = Release|Any CPU
		{4C7B6D4E-279A-41DE-B0D8-E536CE0D1287}.Release|Any CPU.Build.0 = Release|Any CPU
	EndGlobalSection
	GlobalSection(SolutionProperties) = preSolution
		HideSolutionNode = FALSE
	EndGlobalSection
	GlobalSection(ExtensibilityGlobals) = postSolution
		SolutionGuid = {26D8DE80-B3F8-4DD2-B9A9-DA3ADEEE2C9C}
	EndGlobalSection
EndGlobal
